
Microsoft Visual Studio Solution File, Format Version 12.00
# Visual Studio Version 16
VisualStudioVersion = 16.0.30907.101
MinimumVisualStudioVersion = 10.0.40219.1
Project("{2150E333-8FDC-42A3-9474-1A3956D46DE8}") = "Components", "Components", "{A2E35D50-6340-4ED9-82F0-4FCA5C472FE0}"
EndProject
Project("{2150E333-8FDC-42A3-9474-1A3956D46DE8}") = "Services", "Services", "{2A6D041F-1D66-4A17-8832-4672FA0CE9C3}"
EndProject
Project("{2150E333-8FDC-42A3-9474-1A3956D46DE8}") = "Cache", "Cache", "{660C38AE-F905-4E16-8B8B-1C76F59CF250}"
EndProject
Project("{2150E333-8FDC-42A3-9474-1A3956D46DE8}") = "Queue", "Queue", "{1438BB86-CDC9-474C-9D02-FBDAE6F91455}"
EndProject
Project("{2150E333-8FDC-42A3-9474-1A3956D46DE8}") = "Utils", "Utils", "{6A8718FD-45AC-43E1-BA4C-AE03205D0CB6}"
EndProject
Project("{2150E333-8FDC-42A3-9474-1A3956D46DE8}") = "Db", "Db", "{0332CA1E-767A-4DF1-AAAF-5C10D6A42486}"
EndProject
Project("{2150E333-8FDC-42A3-9474-1A3956D46DE8}") = "Socket", "Socket", "{643C22C6-94D1-4A8C-ACC7-28AD922D027A}"
EndProject
Project("{2150E333-8FDC-42A3-9474-1A3956D46DE8}") = "BaseTypes", "BaseTypes", "{677EC6E4-68ED-458F-A369-16401651AE53}"
EndProject
Project("{9A19103F-16F7-4668-BE54-9A1E7A4F7556}") = "MixFRM.Cache.Redis", "MixFRM.Cache.Redis\MixFRM.Cache.Redis.csproj", "{53B456E6-6541-4267-876D-24A55DE6EF70}"
EndProject
Project("{2150E333-8FDC-42A3-9474-1A3956D46DE8}") = "Interfaces", "Interfaces", "{CDCD2043-034A-4E94-A559-A09CA96212F0}"
EndProject
Project("{9A19103F-16F7-4668-BE54-9A1E7A4F7556}") = "MixFRM.Interfaces", "MixFRM.Interfaces\MixFRM.Interfaces.csproj", "{046DB5DB-8DD7-4023-B22E-B95D86AA1F7B}"
EndProject
Project("{9A19103F-16F7-4668-BE54-9A1E7A4F7556}") = "MixFRM.Dapper", "MixFRM.Dapper\MixFRM.Dapper.csproj", "{A9EF36ED-1FC5-4D7A-8536-499FED9C46D7}"
EndProject
Project("{9A19103F-16F7-4668-BE54-9A1E7A4F7556}") = "MixFRM.Utils", "MixFRM.Utils\MixFRM.Utils.csproj", "{44D14217-A885-4C7A-B729-5825DFB8F0E6}"
EndProject
Project("{9A19103F-16F7-4668-BE54-9A1E7A4F7556}") = "MixFRM.BaseTypes", "MixFRM.BaseTypes\MixFRM.BaseTypes.csproj", "{923001F2-F761-4055-BCF3-707950EE6094}"
EndProject
Project("{9A19103F-16F7-4668-BE54-9A1E7A4F7556}") = "MixFRM.Queue.RabbitMQ", "MixFRM.Queue.RabbitMQ\MixFRM.Queue.RabbitMQ.csproj", "{57CEE39C-8323-4C28-B41E-27A83C8FE46E}"
EndProject
Project("{2150E333-8FDC-42A3-9474-1A3956D46DE8}") = "Test", "Test", "{AFCB8D98-E6C4-47B7-AAB8-6F3CD6A52B60}"
EndProject
Project("{2150E333-8FDC-42A3-9474-1A3956D46DE8}") = "RabbitMQ", "RabbitMQ", "{2FFA8CA3-8ECB-43FF-AAB6-BF43176290F2}"
EndProject
Project("{9A19103F-16F7-4668-BE54-9A1E7A4F7556}") = "Test.RabbitMQ.Publisher", "Test.RabbitMQ.Publisher\Test.RabbitMQ.Publisher.csproj", "{7203172F-8C3E-402C-A106-A9A3806F755A}"
EndProject
Project("{9A19103F-16F7-4668-BE54-9A1E7A4F7556}") = "Test.RabbitMQ.Consumer", "Test.RabbitMQ.Consumer\Test.RabbitMQ.Consumer.csproj", "{0A3341B1-E8FD-46C1-B088-416FD5B7BBF1}"
EndProject
Project("{2150E333-8FDC-42A3-9474-1A3956D46DE8}") = "Redis", "Redis", "{A1590D2A-D2F2-4EB1-88B7-8FAC9B5C46E2}"
EndProject
Project("{FAE04EC0-301F-11D3-BF4B-00C04F79EFBC}") = "Test.Cache.Redis", "Test.Cache.Redis\Test.Cache.Redis.csproj", "{6C1F3BE2-BCDE-40A7-9F2F-46AEFAE04FFD}"
EndProject
Global
	GlobalSection(SolutionConfigurationPlatforms) = preSolution
		Debug|Any CPU = Debug|Any CPU
		Release|Any CPU = Release|Any CPU
	EndGlobalSection
	GlobalSection(ProjectConfigurationPlatforms) = postSolution
		{53B456E6-6541-4267-876D-24A55DE6EF70}.Debug|Any CPU.ActiveCfg = Debug|Any CPU
		{53B456E6-6541-4267-876D-24A55DE6EF70}.Debug|Any CPU.Build.0 = Debug|Any CPU
		{53B456E6-6541-4267-876D-24A55DE6EF70}.Release|Any CPU.ActiveCfg = Release|Any CPU
		{53B456E6-6541-4267-876D-24A55DE6EF70}.Release|Any CPU.Build.0 = Release|Any CPU
		{046DB5DB-8DD7-4023-B22E-B95D86AA1F7B}.Debug|Any CPU.ActiveCfg = Debug|Any CPU
		{046DB5DB-8DD7-4023-B22E-B95D86AA1F7B}.Debug|Any CPU.Build.0 = Debug|Any CPU
		{046DB5DB-8DD7-4023-B22E-B95D86AA1F7B}.Release|Any CPU.ActiveCfg = Release|Any CPU
		{046DB5DB-8DD7-4023-B22E-B95D86AA1F7B}.Release|Any CPU.Build.0 = Release|Any CPU
		{A9EF36ED-1FC5-4D7A-8536-499FED9C46D7}.Debug|Any CPU.ActiveCfg = Debug|Any CPU
		{A9EF36ED-1FC5-4D7A-8536-499FED9C46D7}.Debug|Any CPU.Build.0 = Debug|Any CPU
		{A9EF36ED-1FC5-4D7A-8536-499FED9C46D7}.Release|Any CPU.ActiveCfg = Release|Any CPU
		{A9EF36ED-1FC5-4D7A-8536-499FED9C46D7}.Release|Any CPU.Build.0 = Release|Any CPU
		{44D14217-A885-4C7A-B729-5825DFB8F0E6}.Debug|Any CPU.ActiveCfg = Debug|Any CPU
		{44D14217-A885-4C7A-B729-5825DFB8F0E6}.Debug|Any CPU.Build.0 = Debug|Any CPU
		{44D14217-A885-4C7A-B729-5825DFB8F0E6}.Release|Any CPU.ActiveCfg = Release|Any CPU
		{44D14217-A885-4C7A-B729-5825DFB8F0E6}.Release|Any CPU.Build.0 = Release|Any CPU
		{923001F2-F761-4055-BCF3-707950EE6094}.Debug|Any CPU.ActiveCfg = Debug|Any CPU
		{923001F2-F761-4055-BCF3-707950EE6094}.Debug|Any CPU.Build.0 = Debug|Any CPU
		{923001F2-F761-4055-BCF3-707950EE6094}.Release|Any CPU.ActiveCfg = Release|Any CPU
		{923001F2-F761-4055-BCF3-707950EE6094}.Release|Any CPU.Build.0 = Release|Any CPU
		{57CEE39C-8323-4C28-B41E-27A83C8FE46E}.Debug|Any CPU.ActiveCfg = Debug|Any CPU
		{57CEE39C-8323-4C28-B41E-27A83C8FE46E}.Debug|Any CPU.Build.0 = Debug|Any CPU
		{57CEE39C-8323-4C28-B41E-27A83C8FE46E}.Release|Any CPU.ActiveCfg = Release|Any CPU
		{57CEE39C-8323-4C28-B41E-27A83C8FE46E}.Release|Any CPU.Build.0 = Release|Any CPU
		{7203172F-8C3E-402C-A106-A9A3806F755A}.Debug|Any CPU.ActiveCfg = Debug|Any CPU
		{7203172F-8C3E-402C-A106-A9A3806F755A}.Debug|Any CPU.Build.0 = Debug|Any CPU
		{7203172F-8C3E-402C-A106-A9A3806F755A}.Release|Any CPU.ActiveCfg = Release|Any CPU
		{7203172F-8C3E-402C-A106-A9A3806F755A}.Release|Any CPU.Build.0 = Release|Any CPU
		{0A3341B1-E8FD-46C1-B088-416FD5B7BBF1}.Debug|Any CPU.ActiveCfg = Debug|Any CPU
		{0A3341B1-E8FD-46C1-B088-416FD5B7BBF1}.Debug|Any CPU.Build.0 = Debug|Any CPU
		{0A3341B1-E8FD-46C1-B088-416FD5B7BBF1}.Release|Any CPU.ActiveCfg = Release|Any CPU
		{0A3341B1-E8FD-46C1-B088-416FD5B7BBF1}.Release|Any CPU.Build.0 = Release|Any CPU
		{6C1F3BE2-BCDE-40A7-9F2F-46AEFAE04FFD}.Debug|Any CPU.ActiveCfg = Debug|Any CPU
		{6C1F3BE2-BCDE-40A7-9F2F-46AEFAE04FFD}.Debug|Any CPU.Build.0 = Debug|Any CPU
		{6C1F3BE2-BCDE-40A7-9F2F-46AEFAE04FFD}.Release|Any CPU.ActiveCfg = Release|Any CPU
		{6C1F3BE2-BCDE-40A7-9F2F-46AEFAE04FFD}.Release|Any CPU.Build.0 = Release|Any CPU
	EndGlobalSection
	GlobalSection(SolutionProperties) = preSolution
		HideSolutionNode = FALSE
	EndGlobalSection
	GlobalSection(NestedProjects) = preSolution
		{53B456E6-6541-4267-876D-24A55DE6EF70} = {660C38AE-F905-4E16-8B8B-1C76F59CF250}
		{046DB5DB-8DD7-4023-B22E-B95D86AA1F7B} = {CDCD2043-034A-4E94-A559-A09CA96212F0}
		{A9EF36ED-1FC5-4D7A-8536-499FED9C46D7} = {0332CA1E-767A-4DF1-AAAF-5C10D6A42486}
		{44D14217-A885-4C7A-B729-5825DFB8F0E6} = {6A8718FD-45AC-43E1-BA4C-AE03205D0CB6}
		{923001F2-F761-4055-BCF3-707950EE6094} = {677EC6E4-68ED-458F-A369-16401651AE53}
		{57CEE39C-8323-4C28-B41E-27A83C8FE46E} = {1438BB86-CDC9-474C-9D02-FBDAE6F91455}
		{2FFA8CA3-8ECB-43FF-AAB6-BF43176290F2} = {AFCB8D98-E6C4-47B7-AAB8-6F3CD6A52B60}
		{7203172F-8C3E-402C-A106-A9A3806F755A} = {2FFA8CA3-8ECB-43FF-AAB6-BF43176290F2}
		{0A3341B1-E8FD-46C1-B088-416FD5B7BBF1} = {2FFA8CA3-8ECB-43FF-AAB6-BF43176290F2}
		{A1590D2A-D2F2-4EB1-88B7-8FAC9B5C46E2} = {AFCB8D98-E6C4-47B7-AAB8-6F3CD6A52B60}
		{6C1F3BE2-BCDE-40A7-9F2F-46AEFAE04FFD} = {A1590D2A-D2F2-4EB1-88B7-8FAC9B5C46E2}
	EndGlobalSection
	GlobalSection(ExtensibilityGlobals) = postSolution
		SolutionGuid = {72F7DBDF-8F99-4447-9A80-B7D4020B102D}
	EndGlobalSection
EndGlobal
