
Microsoft Visual Studio Solution File, Format Version 12.00
# Visual Studio Version 16
VisualStudioVersion = 16.0.30907.101
MinimumVisualStudioVersion = 10.0.40219.1
Project("{2150E333-8FDC-42A3-9474-1A3956D46DE8}") = "Components", "Components", "{A2E35D50-6340-4ED9-82F0-4FCA5C472FE0}"
EndProject
Project("{2150E333-8FDC-42A3-9474-1A3956D46DE8}") = "Services", "Services", "{2A6D041F-1D66-4A17-8832-4672FA0CE9C3}"
EndProject
Project("{2150E333-8FDC-42A3-9474-1A3956D46DE8}") = "Cache", "Cache", "{660C38AE-F905-4E16-8B8B-1C76F59CF250}"
EndProject
Project("{2150E333-8FDC-42A3-9474-1A3956D46DE8}") = "Queue", "Queue", "{1438BB86-CDC9-474C-9D02-FBDAE6F91455}"
EndProject
Project("{2150E333-8FDC-42A3-9474-1A3956D46DE8}") = "Utils", "Utils", "{6A8718FD-45AC-43E1-BA4C-AE03205D0CB6}"
EndProject
Project("{2150E333-8FDC-42A3-9474-1A3956D46DE8}") = "Db", "Db", "{0332CA1E-767A-4DF1-AAAF-5C10D6A42486}"
EndProject
Project("{2150E333-8FDC-42A3-9474-1A3956D46DE8}") = "Socket", "Socket", "{643C22C6-94D1-4A8C-ACC7-28AD922D027A}"
EndProject
Project("{2150E333-8FDC-42A3-9474-1A3956D46DE8}") = "BaseTypes", "BaseTypes", "{677EC6E4-68ED-458F-A369-16401651AE53}"
EndProject
Global
	GlobalSection(SolutionProperties) = preSolution
		HideSolutionNode = FALSE
	EndGlobalSection
	GlobalSection(ExtensibilityGlobals) = postSolution
		SolutionGuid = {72F7DBDF-8F99-4447-9A80-B7D4020B102D}
	EndGlobalSection
EndGlobal
